
Microsoft Visual Studio Solution File, Format Version 11.00
# Visual Studio 2010
Project("{FAE04EC0-301F-11D3-BF4B-00C04F79EFBC}") = "EmailSearch.Indexer", "EmailSearch.Indexer\EmailSearch.Indexer.csproj", "{6CDD519A-E91C-44A2-92CD-EC7D28DB5E9D}"
EndProject
Project("{FAE04EC0-301F-11D3-BF4B-00C04F79EFBC}") = "EmailSearch.Common", "EmailSearch.Common\EmailSearch.Common.csproj", "{B1BDCE8C-2D3B-43BB-98EF-B2B7707C5BCB}"
EndProject
Project("{FAE04EC0-301F-11D3-BF4B-00C04F79EFBC}") = "EmailSearch.Tests", "EmailSearch.Tests\EmailSearch.Tests.csproj", "{D4379630-7947-40D9-8EE8-01EB334330A9}"
EndProject
Project("{2150E333-8FDC-42A3-9474-1A3956D46DE8}") = "Solution Items", "Solution Items", "{806E9247-98CF-4A7F-BD61-9146B9EC6B11}"
	ProjectSection(SolutionItems) = preProject
		EmailSearch.vsmdi = EmailSearch.vsmdi
		Local.testsettings = Local.testsettings
		README.md = README.md
		TraceAndTestImpact.testsettings = TraceAndTestImpact.testsettings
	EndProjectSection
EndProject
Project("{2150E333-8FDC-42A3-9474-1A3956D46DE8}") = ".nuget", ".nuget", "{A50F3E60-2300-4D7E-9076-98AE722A8E9F}"
	ProjectSection(SolutionItems) = preProject
		.nuget\NuGet.exe = .nuget\NuGet.exe
		.nuget\NuGet.targets = .nuget\NuGet.targets
	EndProjectSection
EndProject
Global
	GlobalSection(TestCaseManagementSettings) = postSolution
		CategoryFile = EmailSearch.vsmdi
	EndGlobalSection
	GlobalSection(SolutionConfigurationPlatforms) = preSolution
		Debug|Any CPU = Debug|Any CPU
		Debug|Mixed Platforms = Debug|Mixed Platforms
		Debug|x86 = Debug|x86
		Release|Any CPU = Release|Any CPU
		Release|Mixed Platforms = Release|Mixed Platforms
		Release|x86 = Release|x86
	EndGlobalSection
	GlobalSection(ProjectConfigurationPlatforms) = postSolution
		{6CDD519A-E91C-44A2-92CD-EC7D28DB5E9D}.Debug|Any CPU.ActiveCfg = Debug|x86
		{6CDD519A-E91C-44A2-92CD-EC7D28DB5E9D}.Debug|Mixed Platforms.ActiveCfg = Debug|x86
		{6CDD519A-E91C-44A2-92CD-EC7D28DB5E9D}.Debug|Mixed Platforms.Build.0 = Debug|x86
		{6CDD519A-E91C-44A2-92CD-EC7D28DB5E9D}.Debug|x86.ActiveCfg = Debug|x86
		{6CDD519A-E91C-44A2-92CD-EC7D28DB5E9D}.Debug|x86.Build.0 = Debug|x86
		{6CDD519A-E91C-44A2-92CD-EC7D28DB5E9D}.Release|Any CPU.ActiveCfg = Release|x86
		{6CDD519A-E91C-44A2-92CD-EC7D28DB5E9D}.Release|Mixed Platforms.ActiveCfg = Release|x86
		{6CDD519A-E91C-44A2-92CD-EC7D28DB5E9D}.Release|Mixed Platforms.Build.0 = Release|x86
		{6CDD519A-E91C-44A2-92CD-EC7D28DB5E9D}.Release|x86.ActiveCfg = Release|x86
		{6CDD519A-E91C-44A2-92CD-EC7D28DB5E9D}.Release|x86.Build.0 = Release|x86
		{B1BDCE8C-2D3B-43BB-98EF-B2B7707C5BCB}.Debug|Any CPU.ActiveCfg = Debug|Any CPU
		{B1BDCE8C-2D3B-43BB-98EF-B2B7707C5BCB}.Debug|Any CPU.Build.0 = Debug|Any CPU
		{B1BDCE8C-2D3B-43BB-98EF-B2B7707C5BCB}.Debug|Mixed Platforms.ActiveCfg = Debug|Any CPU
		{B1BDCE8C-2D3B-43BB-98EF-B2B7707C5BCB}.Debug|Mixed Platforms.Build.0 = Debug|Any CPU
		{B1BDCE8C-2D3B-43BB-98EF-B2B7707C5BCB}.Debug|x86.ActiveCfg = Debug|Any CPU
		{B1BDCE8C-2D3B-43BB-98EF-B2B7707C5BCB}.Release|Any CPU.ActiveCfg = Release|Any CPU
		{B1BDCE8C-2D3B-43BB-98EF-B2B7707C5BCB}.Release|Any CPU.Build.0 = Release|Any CPU
		{B1BDCE8C-2D3B-43BB-98EF-B2B7707C5BCB}.Release|Mixed Platforms.ActiveCfg = Release|Any CPU
		{B1BDCE8C-2D3B-43BB-98EF-B2B7707C5BCB}.Release|Mixed Platforms.Build.0 = Release|Any CPU
		{B1BDCE8C-2D3B-43BB-98EF-B2B7707C5BCB}.Release|x86.ActiveCfg = Release|Any CPU
		{D4379630-7947-40D9-8EE8-01EB334330A9}.Debug|Any CPU.ActiveCfg = Debug|Any CPU
		{D4379630-7947-40D9-8EE8-01EB334330A9}.Debug|Any CPU.Build.0 = Debug|Any CPU
		{D4379630-7947-40D9-8EE8-01EB334330A9}.Debug|Mixed Platforms.ActiveCfg = Debug|Any CPU
		{D4379630-7947-40D9-8EE8-01EB334330A9}.Debug|Mixed Platforms.Build.0 = Debug|Any CPU
		{D4379630-7947-40D9-8EE8-01EB334330A9}.Debug|x86.ActiveCfg = Debug|Any CPU
		{D4379630-7947-40D9-8EE8-01EB334330A9}.Release|Any CPU.ActiveCfg = Release|Any CPU
		{D4379630-7947-40D9-8EE8-01EB334330A9}.Release|Any CPU.Build.0 = Release|Any CPU
		{D4379630-7947-40D9-8EE8-01EB334330A9}.Release|Mixed Platforms.ActiveCfg = Release|Any CPU
		{D4379630-7947-40D9-8EE8-01EB334330A9}.Release|Mixed Platforms.Build.0 = Release|Any CPU
		{D4379630-7947-40D9-8EE8-01EB334330A9}.Release|x86.ActiveCfg = Release|Any CPU
	EndGlobalSection
	GlobalSection(SolutionProperties) = preSolution
		HideSolutionNode = FALSE
	EndGlobalSection
EndGlobal
